
Microsoft Visual Studio Solution File, Format Version 12.00
# Visual Studio Version 17
VisualStudioVersion = 17.4.33205.214
MinimumVisualStudioVersion = 10.0.40219.1
Project("{FAE04EC0-301F-11D3-BF4B-00C04F79EFBC}") = "UsersBack", "UsersBack\UsersBack.csproj", "{FC75E5D7-40CC-4A70-A805-89A44CCB4393}"
EndProject
Global
	GlobalSection(SolutionConfigurationPlatforms) = preSolution
		Debug|Any CPU = Debug|Any CPU
		Release|Any CPU = Release|Any CPU
	EndGlobalSection
	GlobalSection(ProjectConfigurationPlatforms) = postSolution
		{FC75E5D7-40CC-4A70-A805-89A44CCB4393}.Debug|Any CPU.ActiveCfg = Debug|Any CPU
		{FC75E5D7-40CC-4A70-A805-89A44CCB4393}.Debug|Any CPU.Build.0 = Debug|Any CPU
		{FC75E5D7-40CC-4A70-A805-89A44CCB4393}.Release|Any CPU.ActiveCfg = Release|Any CPU
		{FC75E5D7-40CC-4A70-A805-89A44CCB4393}.Release|Any CPU.Build.0 = Release|Any CPU
	EndGlobalSection
	GlobalSection(SolutionProperties) = preSolution
		HideSolutionNode = FALSE
	EndGlobalSection
	GlobalSection(ExtensibilityGlobals) = postSolution
		SolutionGuid = {6FB26A08-01D6-4EEC-A601-F413FE911734}
	EndGlobalSection
EndGlobal
